
Microsoft Visual Studio Solution File, Format Version 12.00
# Visual Studio Version 16
VisualStudioVersion = 16.0.31205.134
MinimumVisualStudioVersion = 10.0.40219.1
Project("{9A19103F-16F7-4668-BE54-9A1E7A4F7556}") = "CarRent.Tests", "tests\CarRent.Tests\CarRent.Tests.csproj", "{F22B9CE6-EBF6-45CA-85D4-CE0A4FFEA1F7}"
	ProjectSection(ProjectDependencies) = postProject
		{EA048B29-ABCA-46C9-97E2-E3AE77F8E6AD} = {EA048B29-ABCA-46C9-97E2-E3AE77F8E6AD}
	EndProjectSection
EndProject
Project("{9A19103F-16F7-4668-BE54-9A1E7A4F7556}") = "CarRent", "CarRent\CarRent.csproj", "{EA048B29-ABCA-46C9-97E2-E3AE77F8E6AD}"
EndProject
Global
	GlobalSection(SolutionConfigurationPlatforms) = preSolution
		Debug|Any CPU = Debug|Any CPU
		Release|Any CPU = Release|Any CPU
	EndGlobalSection
	GlobalSection(ProjectConfigurationPlatforms) = postSolution
		{F22B9CE6-EBF6-45CA-85D4-CE0A4FFEA1F7}.Debug|Any CPU.ActiveCfg = Debug|Any CPU
		{F22B9CE6-EBF6-45CA-85D4-CE0A4FFEA1F7}.Debug|Any CPU.Build.0 = Debug|Any CPU
		{F22B9CE6-EBF6-45CA-85D4-CE0A4FFEA1F7}.Release|Any CPU.ActiveCfg = Release|Any CPU
		{F22B9CE6-EBF6-45CA-85D4-CE0A4FFEA1F7}.Release|Any CPU.Build.0 = Release|Any CPU
		{EA048B29-ABCA-46C9-97E2-E3AE77F8E6AD}.Debug|Any CPU.ActiveCfg = Debug|Any CPU
		{EA048B29-ABCA-46C9-97E2-E3AE77F8E6AD}.Debug|Any CPU.Build.0 = Debug|Any CPU
		{EA048B29-ABCA-46C9-97E2-E3AE77F8E6AD}.Release|Any CPU.ActiveCfg = Release|Any CPU
		{EA048B29-ABCA-46C9-97E2-E3AE77F8E6AD}.Release|Any CPU.Build.0 = Release|Any CPU
	EndGlobalSection
	GlobalSection(SolutionProperties) = preSolution
		HideSolutionNode = FALSE
	EndGlobalSection
	GlobalSection(ExtensibilityGlobals) = postSolution
		SolutionGuid = {3AC0ADF2-23BC-4D59-8347-D674650577A6}
	EndGlobalSection
EndGlobal
